
Microsoft Visual Studio Solution File, Format Version 12.00
# Visual Studio Version 17
VisualStudioVersion = 17.14.36408.4 d17.14
MinimumVisualStudioVersion = 10.0.40219.1
Project("{FAE04EC0-301F-11D3-BF4B-00C04F79EFBC}") = "ModbusSimulator", "ModbusSimulator\ModbusSimulator.csproj", "{E76E7E2B-CF36-44CE-96C8-5E318C8E71BF}"
EndProject
Project("{FAE04EC0-301F-11D3-BF4B-00C04F79EFBC}") = "Modbus.Net", "Modbus.Net\Modbus.Net.csproj", "{ED721388-DCC6-8307-66B2-3B38E1FC6089}"
EndProject
Global
	GlobalSection(SolutionConfigurationPlatforms) = preSolution
		Debug|Any CPU = Debug|Any CPU
		Release|Any CPU = Release|Any CPU
	EndGlobalSection
	GlobalSection(ProjectConfigurationPlatforms) = postSolution
		{E76E7E2B-CF36-44CE-96C8-5E318C8E71BF}.Debug|Any CPU.ActiveCfg = Debug|Any CPU
		{E76E7E2B-CF36-44CE-96C8-5E318C8E71BF}.Debug|Any CPU.Build.0 = Debug|Any CPU
		{E76E7E2B-CF36-44CE-96C8-5E318C8E71BF}.Release|Any CPU.ActiveCfg = Release|Any CPU
		{E76E7E2B-CF36-44CE-96C8-5E318C8E71BF}.Release|Any CPU.Build.0 = Release|Any CPU
		{ED721388-DCC6-8307-66B2-3B38E1FC6089}.Debug|Any CPU.ActiveCfg = Debug|Any CPU
		{ED721388-DCC6-8307-66B2-3B38E1FC6089}.Debug|Any CPU.Build.0 = Debug|Any CPU
		{ED721388-DCC6-8307-66B2-3B38E1FC6089}.Release|Any CPU.ActiveCfg = Release|Any CPU
		{ED721388-DCC6-8307-66B2-3B38E1FC6089}.Release|Any CPU.Build.0 = Release|Any CPU
	EndGlobalSection
	GlobalSection(SolutionProperties) = preSolution
		HideSolutionNode = FALSE
	EndGlobalSection
	GlobalSection(ExtensibilityGlobals) = postSolution
		SolutionGuid = {0723655E-4DA0-4BF2-80A4-232B41DC774C}
	EndGlobalSection
EndGlobal
